
Microsoft Visual Studio Solution File, Format Version 12.00
# Visual Studio Version 17
VisualStudioVersion = 17.10.34928.147
MinimumVisualStudioVersion = 10.0.40219.1
Project("{FAE04EC0-301F-11D3-BF4B-00C04F79EFBC}") = "WeatherAPI", "WeatherAPI\WeatherAPI.csproj", "{937EE131-9EF5-444F-967C-2C23C9D1AF61}"
EndProject
Project("{FAE04EC0-301F-11D3-BF4B-00C04F79EFBC}") = "WeatherCon", "WeatherCon\WeatherCon.csproj", "{136EC297-08AF-43A6-BE74-9B46E40DDE5B}"
EndProject
Project("{D954291E-2A0B-460D-934E-DC6B0785DB48}") = "WeatherShared", "WeatherShared\WeatherShared.shproj", "{52EFC6E8-3ACF-48EB-A938-91CB1C0761C8}"
EndProject
Global
	GlobalSection(SolutionConfigurationPlatforms) = preSolution
		Debug|Any CPU = Debug|Any CPU
		Release|Any CPU = Release|Any CPU
	EndGlobalSection
	GlobalSection(ProjectConfigurationPlatforms) = postSolution
		{937EE131-9EF5-444F-967C-2C23C9D1AF61}.Debug|Any CPU.ActiveCfg = Debug|Any CPU
		{937EE131-9EF5-444F-967C-2C23C9D1AF61}.Debug|Any CPU.Build.0 = Debug|Any CPU
		{937EE131-9EF5-444F-967C-2C23C9D1AF61}.Release|Any CPU.ActiveCfg = Release|Any CPU
		{937EE131-9EF5-444F-967C-2C23C9D1AF61}.Release|Any CPU.Build.0 = Release|Any CPU
		{136EC297-08AF-43A6-BE74-9B46E40DDE5B}.Debug|Any CPU.ActiveCfg = Debug|Any CPU
		{136EC297-08AF-43A6-BE74-9B46E40DDE5B}.Debug|Any CPU.Build.0 = Debug|Any CPU
		{136EC297-08AF-43A6-BE74-9B46E40DDE5B}.Release|Any CPU.ActiveCfg = Release|Any CPU
		{136EC297-08AF-43A6-BE74-9B46E40DDE5B}.Release|Any CPU.Build.0 = Release|Any CPU
	EndGlobalSection
	GlobalSection(SolutionProperties) = preSolution
		HideSolutionNode = FALSE
	EndGlobalSection
	GlobalSection(ExtensibilityGlobals) = postSolution
		SolutionGuid = {B66C3EDA-A88F-44B7-8AFB-7C0858F0BD3B}
	EndGlobalSection
	GlobalSection(SharedMSBuildProjectFiles) = preSolution
		WeatherShared\WeatherShared.projitems*{136ec297-08af-43a6-be74-9b46e40dde5b}*SharedItemsImports = 5
		WeatherShared\WeatherShared.projitems*{52efc6e8-3acf-48eb-a938-91cb1c0761c8}*SharedItemsImports = 13
		WeatherShared\WeatherShared.projitems*{937ee131-9ef5-444f-967c-2c23c9d1af61}*SharedItemsImports = 5
	EndGlobalSection
EndGlobal
